
Microsoft Visual Studio Solution File, Format Version 12.00
# Visual Studio Version 17
VisualStudioVersion = 17.14.36518.9 d17.14
MinimumVisualStudioVersion = 10.0.40219.1
Project("{FAE04EC0-301F-11D3-BF4B-00C04F79EFBC}") = "JwtTraining", "JwtTraining\JwtTraining.csproj", "{FC4CC988-4CC0-4C17-AA0C-AD00CF6AF215}"
EndProject
Global
	GlobalSection(SolutionConfigurationPlatforms) = preSolution
		Debug|Any CPU = Debug|Any CPU
		Release|Any CPU = Release|Any CPU
	EndGlobalSection
	GlobalSection(ProjectConfigurationPlatforms) = postSolution
		{FC4CC988-4CC0-4C17-AA0C-AD00CF6AF215}.Debug|Any CPU.ActiveCfg = Debug|Any CPU
		{FC4CC988-4CC0-4C17-AA0C-AD00CF6AF215}.Debug|Any CPU.Build.0 = Debug|Any CPU
		{FC4CC988-4CC0-4C17-AA0C-AD00CF6AF215}.Release|Any CPU.ActiveCfg = Release|Any CPU
		{FC4CC988-4CC0-4C17-AA0C-AD00CF6AF215}.Release|Any CPU.Build.0 = Release|Any CPU
	EndGlobalSection
	GlobalSection(SolutionProperties) = preSolution
		HideSolutionNode = FALSE
	EndGlobalSection
	GlobalSection(ExtensibilityGlobals) = postSolution
		SolutionGuid = {9B28051D-1A9C-4862-AFC3-FCB703190949}
	EndGlobalSection
EndGlobal
